// !$*UTF8*$!
{
	archiveVersion = 1;
	classes = {
	};
	objectVersion = 51;
	objects = {

/* Begin PBXBuildFile section */
		E10F39F6252644E000E83AB0 /* LibwxARBCommon.h in Headers */ = {isa = PBXBuildFile; fileRef = E10F39F5252644E000E83AB0 /* LibwxARBCommon.h */; };
		E110B51C177FD146004071B5 /* ARBBase64.h in Headers */ = {isa = PBXBuildFile; fileRef = E110B513177FD146004071B5 /* ARBBase64.h */; };
		E110B51D177FD146004071B5 /* ARBDate.h in Headers */ = {isa = PBXBuildFile; fileRef = E110B514177FD146004071B5 /* ARBDate.h */; };
		E110B51E177FD146004071B5 /* ARBMsgDigest.h in Headers */ = {isa = PBXBuildFile; fileRef = E110B515177FD146004071B5 /* ARBMsgDigest.h */; };
		E110B51F177FD146004071B5 /* ARBTypes.h in Headers */ = {isa = PBXBuildFile; fileRef = E110B516177FD146004071B5 /* ARBTypes.h */; };
		E110B520177FD146004071B5 /* BinaryData.h in Headers */ = {isa = PBXBuildFile; fileRef = E110B517177FD146004071B5 /* BinaryData.h */; };
		E110B521177FD146004071B5 /* BreakLine.h in Headers */ = {isa = PBXBuildFile; fileRef = E110B518177FD146004071B5 /* BreakLine.h */; };
		E110B522177FD146004071B5 /* Element.h in Headers */ = {isa = PBXBuildFile; fileRef = E110B519177FD146004071B5 /* Element.h */; };
		E110B523177FD146004071B5 /* StringUtil.h in Headers */ = {isa = PBXBuildFile; fileRef = E110B51A177FD146004071B5 /* StringUtil.h */; };
		E110B524177FD146004071B5 /* VersionNum.h in Headers */ = {isa = PBXBuildFile; fileRef = E110B51B177FD146004071B5 /* VersionNum.h */; };
		E13495DE2790D24100718C5E /* LibArchive.h in Headers */ = {isa = PBXBuildFile; fileRef = E13495DD2790D24100718C5E /* LibArchive.h */; };
		E194A84F27F61F43007391E5 /* VersionNum.cpp in Sources */ = {isa = PBXBuildFile; fileRef = E194A84E27F61F43007391E5 /* VersionNum.cpp */; };
		E1A4DBD7261648E500FCD08D /* MailTo.h in Headers */ = {isa = PBXBuildFile; fileRef = E1A4DBD6261648E500FCD08D /* MailTo.h */; };
		E1AC44102919A5C900CB7973 /* UniqueId.h in Headers */ = {isa = PBXBuildFile; fileRef = E1AC440F2919A5C900CB7973 /* UniqueId.h */; };
		E1AC44122919A5E600CB7973 /* UniqueId.cpp in Sources */ = {isa = PBXBuildFile; fileRef = E1AC44112919A5E600CB7973 /* UniqueId.cpp */; };
		E1B443C41A3B6DCC005CBE64 /* ARBUtils.h in Headers */ = {isa = PBXBuildFile; fileRef = E1B443C31A3B6DCC005CBE64 /* ARBUtils.h */; };
		E1B8965A17971A96009FB430 /* ARBMisc.h in Headers */ = {isa = PBXBuildFile; fileRef = E1B8965917971A96009FB430 /* ARBMisc.h */; };
		E1CE2E6A27F61E9100701C8F /* ARBBase64.cpp in Sources */ = {isa = PBXBuildFile; fileRef = E1CE2E6127F61DF000701C8F /* ARBBase64.cpp */; };
		E1CE2E6B27F61E9100701C8F /* ARBDate.cpp in Sources */ = {isa = PBXBuildFile; fileRef = E1CE2E6627F61DF000701C8F /* ARBDate.cpp */; };
		E1CE2E6C27F61E9100701C8F /* ARBMisc.cpp in Sources */ = {isa = PBXBuildFile; fileRef = E1CE2E5627F61DF000701C8F /* ARBMisc.cpp */; };
		E1CE2E6D27F61E9100701C8F /* ARBMsgDigest.cpp in Sources */ = {isa = PBXBuildFile; fileRef = E1CE2E5727F61DF000701C8F /* ARBMsgDigest.cpp */; };
		E1CE2E6E27F61E9100701C8F /* ARBMsgDigestImpl.h in Sources */ = {isa = PBXBuildFile; fileRef = E1CE2E5827F61DF000701C8F /* ARBMsgDigestImpl.h */; };
		E1CE2E6F27F61E9100701C8F /* ARBMsgDigestMD5.cpp in Sources */ = {isa = PBXBuildFile; fileRef = E1CE2E6527F61DF000701C8F /* ARBMsgDigestMD5.cpp */; };
		E1CE2E7027F61E9100701C8F /* ARBMsgDigestSHA1.cpp in Sources */ = {isa = PBXBuildFile; fileRef = E1CE2E6327F61DF000701C8F /* ARBMsgDigestSHA1.cpp */; };
		E1CE2E7127F61E9100701C8F /* ARBMsgDigestSHA256.cpp in Sources */ = {isa = PBXBuildFile; fileRef = E1CE2E5C27F61DF000701C8F /* ARBMsgDigestSHA256.cpp */; };
		E1CE2E7227F61E9100701C8F /* ARBTypes.cpp in Sources */ = {isa = PBXBuildFile; fileRef = E1CE2E5E27F61DF000701C8F /* ARBTypes.cpp */; };
		E1CE2E7327F61E9100701C8F /* ARBUtils.cpp in Sources */ = {isa = PBXBuildFile; fileRef = E1CE2E6227F61DF000701C8F /* ARBUtils.cpp */; };
		E1CE2E7427F61E9100701C8F /* BinaryData.cpp in Sources */ = {isa = PBXBuildFile; fileRef = E1CE2E6927F61DF000701C8F /* BinaryData.cpp */; };
		E1CE2E7527F61E9100701C8F /* BreakLine.cpp in Sources */ = {isa = PBXBuildFile; fileRef = E1CE2E5D27F61DF000701C8F /* BreakLine.cpp */; };
		E1CE2E7627F61E9100701C8F /* Element.cpp in Sources */ = {isa = PBXBuildFile; fileRef = E1CE2E6427F61DF000701C8F /* Element.cpp */; };
		E1CE2E7727F61E9100701C8F /* LibArchive.cpp in Sources */ = {isa = PBXBuildFile; fileRef = E1CE2E5527F61DF000701C8F /* LibArchive.cpp */; };
		E1CE2E7827F61E9100701C8F /* MailTo.cpp in Sources */ = {isa = PBXBuildFile; fileRef = E1CE2E5927F61DF000701C8F /* MailTo.cpp */; };
		E1CE2E7927F61E9100701C8F /* stdafx.cpp in Sources */ = {isa = PBXBuildFile; fileRef = E1CE2E5F27F61DF000701C8F /* stdafx.cpp */; };
		E1CE2E7B27F61E9100701C8F /* StringUtil.cpp in Sources */ = {isa = PBXBuildFile; fileRef = E1CE2E5A27F61DF000701C8F /* StringUtil.cpp */; };
/* End PBXBuildFile section */

/* Begin PBXFileReference section */
		E10F39F5252644E000E83AB0 /* LibwxARBCommon.h */ = {isa = PBXFileReference; fileEncoding = 4; lastKnownFileType = sourcecode.c.h; path = LibwxARBCommon.h; sourceTree = "<group>"; };
		E110B509177FD120004071B5 /* libARBCommon.a */ = {isa = PBXFileReference; explicitFileType = archive.ar; includeInIndex = 0; path = libARBCommon.a; sourceTree = BUILT_PRODUCTS_DIR; };
		E110B513177FD146004071B5 /* ARBBase64.h */ = {isa = PBXFileReference; fileEncoding = 4; lastKnownFileType = sourcecode.c.h; path = ARBBase64.h; sourceTree = "<group>"; };
		E110B514177FD146004071B5 /* ARBDate.h */ = {isa = PBXFileReference; fileEncoding = 4; lastKnownFileType = sourcecode.c.h; path = ARBDate.h; sourceTree = "<group>"; };
		E110B515177FD146004071B5 /* ARBMsgDigest.h */ = {isa = PBXFileReference; fileEncoding = 4; lastKnownFileType = sourcecode.c.h; path = ARBMsgDigest.h; sourceTree = "<group>"; };
		E110B516177FD146004071B5 /* ARBTypes.h */ = {isa = PBXFileReference; fileEncoding = 4; lastKnownFileType = sourcecode.c.h; path = ARBTypes.h; sourceTree = "<group>"; };
		E110B517177FD146004071B5 /* BinaryData.h */ = {isa = PBXFileReference; fileEncoding = 4; lastKnownFileType = sourcecode.c.h; path = BinaryData.h; sourceTree = "<group>"; };
		E110B518177FD146004071B5 /* BreakLine.h */ = {isa = PBXFileReference; fileEncoding = 4; lastKnownFileType = sourcecode.c.h; path = BreakLine.h; sourceTree = "<group>"; };
		E110B519177FD146004071B5 /* Element.h */ = {isa = PBXFileReference; fileEncoding = 4; lastKnownFileType = sourcecode.c.h; path = Element.h; sourceTree = "<group>"; };
		E110B51A177FD146004071B5 /* StringUtil.h */ = {isa = PBXFileReference; fileEncoding = 4; lastKnownFileType = sourcecode.c.h; path = StringUtil.h; sourceTree = "<group>"; };
		E110B51B177FD146004071B5 /* VersionNum.h */ = {isa = PBXFileReference; fileEncoding = 4; lastKnownFileType = sourcecode.c.h; path = VersionNum.h; sourceTree = "<group>"; };
		E13495DD2790D24100718C5E /* LibArchive.h */ = {isa = PBXFileReference; fileEncoding = 4; lastKnownFileType = sourcecode.c.h; path = LibArchive.h; sourceTree = "<group>"; };
		E194A84E27F61F43007391E5 /* VersionNum.cpp */ = {isa = PBXFileReference; fileEncoding = 4; lastKnownFileType = sourcecode.cpp.cpp; path = VersionNum.cpp; sourceTree = "<group>"; };
		E1A4DBD6261648E500FCD08D /* MailTo.h */ = {isa = PBXFileReference; fileEncoding = 4; lastKnownFileType = sourcecode.c.h; path = MailTo.h; sourceTree = "<group>"; };
		E1AC440F2919A5C900CB7973 /* UniqueId.h */ = {isa = PBXFileReference; fileEncoding = 4; lastKnownFileType = sourcecode.c.h; path = UniqueId.h; sourceTree = "<group>"; };
		E1AC44112919A5E600CB7973 /* UniqueId.cpp */ = {isa = PBXFileReference; fileEncoding = 4; lastKnownFileType = sourcecode.cpp.cpp; path = UniqueId.cpp; sourceTree = "<group>"; };
		E1B443C31A3B6DCC005CBE64 /* ARBUtils.h */ = {isa = PBXFileReference; fileEncoding = 4; lastKnownFileType = sourcecode.c.h; path = ARBUtils.h; sourceTree = "<group>"; };
		E1B8965917971A96009FB430 /* ARBMisc.h */ = {isa = PBXFileReference; fileEncoding = 4; lastKnownFileType = sourcecode.c.h; path = ARBMisc.h; sourceTree = "<group>"; };
		E1CE2E5527F61DF000701C8F /* LibArchive.cpp */ = {isa = PBXFileReference; lastKnownFileType = sourcecode.cpp.cpp; path = LibArchive.cpp; sourceTree = "<group>"; };
		E1CE2E5627F61DF000701C8F /* ARBMisc.cpp */ = {isa = PBXFileReference; lastKnownFileType = sourcecode.cpp.cpp; path = ARBMisc.cpp; sourceTree = "<group>"; };
		E1CE2E5727F61DF000701C8F /* ARBMsgDigest.cpp */ = {isa = PBXFileReference; lastKnownFileType = sourcecode.cpp.cpp; path = ARBMsgDigest.cpp; sourceTree = "<group>"; };
		E1CE2E5827F61DF000701C8F /* ARBMsgDigestImpl.h */ = {isa = PBXFileReference; lastKnownFileType = sourcecode.c.h; path = ARBMsgDigestImpl.h; sourceTree = "<group>"; };
		E1CE2E5927F61DF000701C8F /* MailTo.cpp */ = {isa = PBXFileReference; lastKnownFileType = sourcecode.cpp.cpp; path = MailTo.cpp; sourceTree = "<group>"; };
		E1CE2E5A27F61DF000701C8F /* StringUtil.cpp */ = {isa = PBXFileReference; lastKnownFileType = sourcecode.cpp.cpp; path = StringUtil.cpp; sourceTree = "<group>"; };
		E1CE2E5C27F61DF000701C8F /* ARBMsgDigestSHA256.cpp */ = {isa = PBXFileReference; lastKnownFileType = sourcecode.cpp.cpp; path = ARBMsgDigestSHA256.cpp; sourceTree = "<group>"; };
		E1CE2E5D27F61DF000701C8F /* BreakLine.cpp */ = {isa = PBXFileReference; lastKnownFileType = sourcecode.cpp.cpp; path = BreakLine.cpp; sourceTree = "<group>"; };
		E1CE2E5E27F61DF000701C8F /* ARBTypes.cpp */ = {isa = PBXFileReference; lastKnownFileType = sourcecode.cpp.cpp; path = ARBTypes.cpp; sourceTree = "<group>"; };
		E1CE2E5F27F61DF000701C8F /* stdafx.cpp */ = {isa = PBXFileReference; lastKnownFileType = sourcecode.cpp.cpp; path = stdafx.cpp; sourceTree = "<group>"; };
		E1CE2E6027F61DF000701C8F /* stdafx.h */ = {isa = PBXFileReference; lastKnownFileType = sourcecode.c.h; path = stdafx.h; sourceTree = "<group>"; };
		E1CE2E6127F61DF000701C8F /* ARBBase64.cpp */ = {isa = PBXFileReference; lastKnownFileType = sourcecode.cpp.cpp; path = ARBBase64.cpp; sourceTree = "<group>"; };
		E1CE2E6227F61DF000701C8F /* ARBUtils.cpp */ = {isa = PBXFileReference; lastKnownFileType = sourcecode.cpp.cpp; path = ARBUtils.cpp; sourceTree = "<group>"; };
		E1CE2E6327F61DF000701C8F /* ARBMsgDigestSHA1.cpp */ = {isa = PBXFileReference; lastKnownFileType = sourcecode.cpp.cpp; path = ARBMsgDigestSHA1.cpp; sourceTree = "<group>"; };
		E1CE2E6427F61DF000701C8F /* Element.cpp */ = {isa = PBXFileReference; lastKnownFileType = sourcecode.cpp.cpp; path = Element.cpp; sourceTree = "<group>"; };
		E1CE2E6527F61DF000701C8F /* ARBMsgDigestMD5.cpp */ = {isa = PBXFileReference; lastKnownFileType = sourcecode.cpp.cpp; path = ARBMsgDigestMD5.cpp; sourceTree = "<group>"; };
		E1CE2E6627F61DF000701C8F /* ARBDate.cpp */ = {isa = PBXFileReference; lastKnownFileType = sourcecode.cpp.cpp; path = ARBDate.cpp; sourceTree = "<group>"; };
		E1CE2E6927F61DF000701C8F /* BinaryData.cpp */ = {isa = PBXFileReference; lastKnownFileType = sourcecode.cpp.cpp; path = BinaryData.cpp; sourceTree = "<group>"; };
/* End PBXFileReference section */

/* Begin PBXFrameworksBuildPhase section */
		E110B506177FD120004071B5 /* Frameworks */ = {
			isa = PBXFrameworksBuildPhase;
			buildActionMask = 2147483647;
			files = (
			);
			runOnlyForDeploymentPostprocessing = 0;
		};
/* End PBXFrameworksBuildPhase section */

/* Begin PBXGroup section */
		E110B500177FD120004071B5 = {
			isa = PBXGroup;
			children = (
				E110B510177FD12A004071B5 /* Source */,
				E110B50A177FD120004071B5 /* Products */,
			);
			sourceTree = "<group>";
		};
		E110B50A177FD120004071B5 /* Products */ = {
			isa = PBXGroup;
			children = (
				E110B509177FD120004071B5 /* libARBCommon.a */,
			);
			name = Products;
			sourceTree = "<group>";
		};
		E110B510177FD12A004071B5 /* Source */ = {
			isa = PBXGroup;
			children = (
				E110B511177FD131004071B5 /* Include */,
				E110B525177FD14C004071B5 /* ARBCommon */,
			);
			name = Source;
			sourceTree = "<group>";
		};
		E110B511177FD131004071B5 /* Include */ = {
			isa = PBXGroup;
			children = (
				E110B512177FD146004071B5 /* ARBCommon */,
			);
			name = Include;
			path = ../../../Include;
			sourceTree = "<group>";
		};
		E110B512177FD146004071B5 /* ARBCommon */ = {
			isa = PBXGroup;
			children = (
				E110B513177FD146004071B5 /* ARBBase64.h */,
				E110B514177FD146004071B5 /* ARBDate.h */,
				E1B8965917971A96009FB430 /* ARBMisc.h */,
				E110B515177FD146004071B5 /* ARBMsgDigest.h */,
				E110B516177FD146004071B5 /* ARBTypes.h */,
				E1B443C31A3B6DCC005CBE64 /* ARBUtils.h */,
				E110B517177FD146004071B5 /* BinaryData.h */,
				E110B518177FD146004071B5 /* BreakLine.h */,
				E110B519177FD146004071B5 /* Element.h */,
				E13495DD2790D24100718C5E /* LibArchive.h */,
				E10F39F5252644E000E83AB0 /* LibwxARBCommon.h */,
				E1A4DBD6261648E500FCD08D /* MailTo.h */,
				E110B51A177FD146004071B5 /* StringUtil.h */,
				E1AC440F2919A5C900CB7973 /* UniqueId.h */,
				E110B51B177FD146004071B5 /* VersionNum.h */,
			);
			path = ARBCommon;
			sourceTree = "<group>";
		};
		E110B525177FD14C004071B5 /* ARBCommon */ = {
			isa = PBXGroup;
			children = (
				E1CE2E6127F61DF000701C8F /* ARBBase64.cpp */,
				E1CE2E6627F61DF000701C8F /* ARBDate.cpp */,
				E1CE2E5627F61DF000701C8F /* ARBMisc.cpp */,
				E1CE2E5727F61DF000701C8F /* ARBMsgDigest.cpp */,
				E1CE2E5827F61DF000701C8F /* ARBMsgDigestImpl.h */,
				E1CE2E6527F61DF000701C8F /* ARBMsgDigestMD5.cpp */,
				E1CE2E6327F61DF000701C8F /* ARBMsgDigestSHA1.cpp */,
				E1CE2E5C27F61DF000701C8F /* ARBMsgDigestSHA256.cpp */,
				E1CE2E5E27F61DF000701C8F /* ARBTypes.cpp */,
				E1CE2E6227F61DF000701C8F /* ARBUtils.cpp */,
				E1CE2E6927F61DF000701C8F /* BinaryData.cpp */,
				E1CE2E5D27F61DF000701C8F /* BreakLine.cpp */,
				E1CE2E6427F61DF000701C8F /* Element.cpp */,
				E1CE2E5527F61DF000701C8F /* LibArchive.cpp */,
				E1CE2E5927F61DF000701C8F /* MailTo.cpp */,
				E1CE2E5F27F61DF000701C8F /* stdafx.cpp */,
				E1CE2E6027F61DF000701C8F /* stdafx.h */,
				E1CE2E5A27F61DF000701C8F /* StringUtil.cpp */,
				E1AC44112919A5E600CB7973 /* UniqueId.cpp */,
				E194A84E27F61F43007391E5 /* VersionNum.cpp */,
			);
			name = ARBCommon;
			path = ../../../ARBCommon;
			sourceTree = "<group>";
		};
/* End PBXGroup section */

/* Begin PBXHeadersBuildPhase section */
		E110B507177FD120004071B5 /* Headers */ = {
			isa = PBXHeadersBuildPhase;
			buildActionMask = 2147483647;
			files = (
				E1AC44102919A5C900CB7973 /* UniqueId.h in Headers */,
				E110B51C177FD146004071B5 /* ARBBase64.h in Headers */,
				E110B51D177FD146004071B5 /* ARBDate.h in Headers */,
				E10F39F6252644E000E83AB0 /* LibwxARBCommon.h in Headers */,
				E110B51E177FD146004071B5 /* ARBMsgDigest.h in Headers */,
				E110B51F177FD146004071B5 /* ARBTypes.h in Headers */,
				E1B443C41A3B6DCC005CBE64 /* ARBUtils.h in Headers */,
				E110B520177FD146004071B5 /* BinaryData.h in Headers */,
				E110B521177FD146004071B5 /* BreakLine.h in Headers */,
				E110B522177FD146004071B5 /* Element.h in Headers */,
				E13495DE2790D24100718C5E /* LibArchive.h in Headers */,
				E110B523177FD146004071B5 /* StringUtil.h in Headers */,
				E110B524177FD146004071B5 /* VersionNum.h in Headers */,
				E1A4DBD7261648E500FCD08D /* MailTo.h in Headers */,
				E1B8965A17971A96009FB430 /* ARBMisc.h in Headers */,
			);
			runOnlyForDeploymentPostprocessing = 0;
		};
/* End PBXHeadersBuildPhase section */

/* Begin PBXNativeTarget section */
		E110B508177FD120004071B5 /* ARBCommon */ = {
			isa = PBXNativeTarget;
			buildConfigurationList = E110B50D177FD120004071B5 /* Build configuration list for PBXNativeTarget "ARBCommon" */;
			buildPhases = (
				E110B505177FD120004071B5 /* Sources */,
				E110B506177FD120004071B5 /* Frameworks */,
				E110B507177FD120004071B5 /* Headers */,
			);
			buildRules = (
			);
			dependencies = (
			);
			name = ARBCommon;
			productName = ARBCommon;
			productReference = E110B509177FD120004071B5 /* libARBCommon.a */;
			productType = "com.apple.product-type.library.static";
		};
/* End PBXNativeTarget section */

/* Begin PBXProject section */
		E110B501177FD120004071B5 /* Project object */ = {
			isa = PBXProject;
			attributes = {
				LastUpgradeCheck = 1200;
				ORGANIZATIONNAME = "David Connet";
			};
			buildConfigurationList = E110B504177FD120004071B5 /* Build configuration list for PBXProject "ARBCommon" */;
			compatibilityVersion = "Xcode 10.0";
			developmentRegion = en;
			hasScannedForEncodings = 0;
			knownRegions = (
				en,
				Base,
			);
			mainGroup = E110B500177FD120004071B5;
			productRefGroup = E110B50A177FD120004071B5 /* Products */;
			projectDirPath = "";
			projectRoot = "";
			targets = (
				E110B508177FD120004071B5 /* ARBCommon */,
			);
		};
/* End PBXProject section */

/* Begin PBXSourcesBuildPhase section */
		E110B505177FD120004071B5 /* Sources */ = {
			isa = PBXSourcesBuildPhase;
			buildActionMask = 2147483647;
			files = (
				E1CE2E6A27F61E9100701C8F /* ARBBase64.cpp in Sources */,
				E1CE2E6B27F61E9100701C8F /* ARBDate.cpp in Sources */,
				E1CE2E6C27F61E9100701C8F /* ARBMisc.cpp in Sources */,
				E1CE2E6D27F61E9100701C8F /* ARBMsgDigest.cpp in Sources */,
				E1CE2E6E27F61E9100701C8F /* ARBMsgDigestImpl.h in Sources */,
				E1CE2E6F27F61E9100701C8F /* ARBMsgDigestMD5.cpp in Sources */,
				E1CE2E7027F61E9100701C8F /* ARBMsgDigestSHA1.cpp in Sources */,
				E194A84F27F61F43007391E5 /* VersionNum.cpp in Sources */,
				E1CE2E7127F61E9100701C8F /* ARBMsgDigestSHA256.cpp in Sources */,
				E1CE2E7227F61E9100701C8F /* ARBTypes.cpp in Sources */,
				E1CE2E7327F61E9100701C8F /* ARBUtils.cpp in Sources */,
				E1CE2E7427F61E9100701C8F /* BinaryData.cpp in Sources */,
				E1CE2E7527F61E9100701C8F /* BreakLine.cpp in Sources */,
				E1CE2E7627F61E9100701C8F /* Element.cpp in Sources */,
				E1CE2E7727F61E9100701C8F /* LibArchive.cpp in Sources */,
				E1CE2E7827F61E9100701C8F /* MailTo.cpp in Sources */,
				E1CE2E7927F61E9100701C8F /* stdafx.cpp in Sources */,
				E1AC44122919A5E600CB7973 /* UniqueId.cpp in Sources */,
				E1CE2E7B27F61E9100701C8F /* StringUtil.cpp in Sources */,
			);
			runOnlyForDeploymentPostprocessing = 0;
		};
/* End PBXSourcesBuildPhase section */

/* Begin XCBuildConfiguration section */
		E110B50B177FD120004071B5 /* Debug */ = {
			isa = XCBuildConfiguration;
			buildSettings = {
				ALWAYS_SEARCH_USER_PATHS = NO;
				CLANG_CXX_LANGUAGE_STANDARD = "c++17";
				CLANG_CXX_LIBRARY = "libc++";
				CLANG_WARN_BLOCK_CAPTURE_AUTORELEASING = YES;
				CLANG_WARN_BOOL_CONVERSION = YES;
				CLANG_WARN_COMMA = YES;
				CLANG_WARN_CONSTANT_CONVERSION = YES;
				CLANG_WARN_DEPRECATED_OBJC_IMPLEMENTATIONS = YES;
				CLANG_WARN_EMPTY_BODY = YES;
				CLANG_WARN_ENUM_CONVERSION = YES;
				CLANG_WARN_INFINITE_RECURSION = YES;
				CLANG_WARN_INT_CONVERSION = YES;
				CLANG_WARN_NON_LITERAL_NULL_CONVERSION = YES;
				CLANG_WARN_OBJC_IMPLICIT_RETAIN_SELF = YES;
				CLANG_WARN_OBJC_LITERAL_CONVERSION = YES;
				CLANG_WARN_QUOTED_INCLUDE_IN_FRAMEWORK_HEADER = YES;
				CLANG_WARN_RANGE_LOOP_ANALYSIS = YES;
				CLANG_WARN_STRICT_PROTOTYPES = YES;
				CLANG_WARN_SUSPICIOUS_MOVE = YES;
				CLANG_WARN_UNREACHABLE_CODE = YES;
				CLANG_WARN__DUPLICATE_METHOD_MATCH = YES;
				COPY_PHASE_STRIP = NO;
				ENABLE_STRICT_OBJC_MSGSEND = YES;
				ENABLE_TESTABILITY = YES;
				GCC_C_LANGUAGE_STANDARD = "compiler-default";
				GCC_DYNAMIC_NO_PIC = NO;
				GCC_ENABLE_OBJC_EXCEPTIONS = YES;
				GCC_NO_COMMON_BLOCKS = YES;
				GCC_OPTIMIZATION_LEVEL = 0;
				GCC_PREPROCESSOR_DEFINITIONS = (
					"DEBUG=1",
					"$(inherited)",
				);
				GCC_SYMBOLS_PRIVATE_EXTERN = NO;
				GCC_TREAT_WARNINGS_AS_ERRORS = YES;
				GCC_VERSION = "";
				GCC_WARN_64_TO_32_BIT_CONVERSION = NO;
				GCC_WARN_ABOUT_RETURN_TYPE = YES;
				GCC_WARN_SHADOW = NO;
				GCC_WARN_UNDECLARED_SELECTOR = YES;
				GCC_WARN_UNINITIALIZED_AUTOS = NO;
				GCC_WARN_UNUSED_FUNCTION = YES;
				GCC_WARN_UNUSED_VARIABLE = YES;
				MACOSX_DEPLOYMENT_TARGET = 10.13;
				ONLY_ACTIVE_ARCH = YES;
				OTHER_CFLAGS = (
					"-I$SRCROOT/../../../Include",
					"-I$SRCROOT/../../../3rdParty/LibFmt/include",
					"-I$SRCROOT/../../../3rdParty/gsl/include",
					"-I$SRCROOT/../../../3rdParty/stduuid/include",
					"-I$WXWIN/build-debug/lib/wx/include/osx_cocoa-unicode-static-3.2",
					"-I$WXWIN/include",
					"-D_FILE_OFFSET_BITS=64",
					"-D__WXMAC__",
					"-D__WXOSX__",
					"-D__WXOSX_COCOA__",
					"-DUSE_WXWIDGETS",
				);
				SDKROOT = macosx;
			};
			name = Debug;
		};
		E110B50C177FD120004071B5 /* Release */ = {
			isa = XCBuildConfiguration;
			buildSettings = {
				ALWAYS_SEARCH_USER_PATHS = NO;
				CLANG_CXX_LANGUAGE_STANDARD = "c++17";
				CLANG_CXX_LIBRARY = "libc++";
				CLANG_WARN_BLOCK_CAPTURE_AUTORELEASING = YES;
				CLANG_WARN_BOOL_CONVERSION = YES;
				CLANG_WARN_COMMA = YES;
				CLANG_WARN_CONSTANT_CONVERSION = YES;
				CLANG_WARN_DEPRECATED_OBJC_IMPLEMENTATIONS = YES;
				CLANG_WARN_EMPTY_BODY = YES;
				CLANG_WARN_ENUM_CONVERSION = YES;
				CLANG_WARN_INFINITE_RECURSION = YES;
				CLANG_WARN_INT_CONVERSION = YES;
				CLANG_WARN_NON_LITERAL_NULL_CONVERSION = YES;
				CLANG_WARN_OBJC_IMPLICIT_RETAIN_SELF = YES;
				CLANG_WARN_OBJC_LITERAL_CONVERSION = YES;
				CLANG_WARN_QUOTED_INCLUDE_IN_FRAMEWORK_HEADER = YES;
				CLANG_WARN_RANGE_LOOP_ANALYSIS = YES;
				CLANG_WARN_STRICT_PROTOTYPES = YES;
				CLANG_WARN_SUSPICIOUS_MOVE = YES;
				CLANG_WARN_UNREACHABLE_CODE = YES;
				CLANG_WARN__DUPLICATE_METHOD_MATCH = YES;
				COPY_PHASE_STRIP = YES;
				DEBUG_INFORMATION_FORMAT = "dwarf-with-dsym";
				ENABLE_STRICT_OBJC_MSGSEND = YES;
				GCC_C_LANGUAGE_STANDARD = "compiler-default";
				GCC_ENABLE_OBJC_EXCEPTIONS = YES;
				GCC_NO_COMMON_BLOCKS = YES;
				GCC_TREAT_WARNINGS_AS_ERRORS = YES;
				GCC_VERSION = "";
				GCC_WARN_64_TO_32_BIT_CONVERSION = NO;
				GCC_WARN_ABOUT_RETURN_TYPE = YES;
				GCC_WARN_SHADOW = NO;
				GCC_WARN_UNDECLARED_SELECTOR = YES;
				GCC_WARN_UNINITIALIZED_AUTOS = YES;
				GCC_WARN_UNUSED_FUNCTION = YES;
				GCC_WARN_UNUSED_VARIABLE = YES;
				MACOSX_DEPLOYMENT_TARGET = 10.13;
				OTHER_CFLAGS = (
					"-I$SRCROOT/../../../Include",
					"-I$SRCROOT/../../../3rdParty/LibFmt/include",
					"-I$SRCROOT/../../../3rdParty/gsl/include",
					"-I$SRCROOT/../../../3rdParty/stduuid/include",
					"-I$WXWIN/build-release/lib/wx/include/osx_cocoa-unicode-static-3.2",
					"-I$WXWIN/include",
					"-D_FILE_OFFSET_BITS=64",
					"-DwxDEBUG_LEVEL=0",
					"-D__WXMAC__",
					"-D__WXOSX__",
					"-D__WXOSX_COCOA__",
					"-DUSE_WXWIDGETS",
				);
				SDKROOT = macosx;
			};
			name = Release;
		};
		E110B50E177FD120004071B5 /* Debug */ = {
			isa = XCBuildConfiguration;
			buildSettings = {
				CLANG_ENABLE_OBJC_WEAK = YES;
				COMBINE_HIDPI_IMAGES = YES;
				EXECUTABLE_PREFIX = lib;
				PRODUCT_NAME = "$(TARGET_NAME)";
			};
			name = Debug;
		};
		E110B50F177FD120004071B5 /* Release */ = {
			isa = XCBuildConfiguration;
			buildSettings = {
				CLANG_ENABLE_OBJC_WEAK = YES;
				COMBINE_HIDPI_IMAGES = YES;
				EXECUTABLE_PREFIX = lib;
				PRODUCT_NAME = "$(TARGET_NAME)";
			};
			name = Release;
		};
/* End XCBuildConfiguration section */

/* Begin XCConfigurationList section */
		E110B504177FD120004071B5 /* Build configuration list for PBXProject "ARBCommon" */ = {
			isa = XCConfigurationList;
			buildConfigurations = (
				E110B50B177FD120004071B5 /* Debug */,
				E110B50C177FD120004071B5 /* Release */,
			);
			defaultConfigurationIsVisible = 0;
			defaultConfigurationName = Release;
		};
		E110B50D177FD120004071B5 /* Build configuration list for PBXNativeTarget "ARBCommon" */ = {
			isa = XCConfigurationList;
			buildConfigurations = (
				E110B50E177FD120004071B5 /* Debug */,
				E110B50F177FD120004071B5 /* Release */,
			);
			defaultConfigurationIsVisible = 0;
			defaultConfigurationName = Release;
		};
/* End XCConfigurationList section */
	};
	rootObject = E110B501177FD120004071B5 /* Project object */;
}
